
Microsoft Visual Studio Solution File, Format Version 12.00
# Visual Studio Version 17
VisualStudioVersion = 17.11.35312.102
MinimumVisualStudioVersion = 10.0.40219.1
Project("{9A19103F-16F7-4668-BE54-9A1E7A4F7556}") = "RaptorProject", "RaptorProject.csproj", "{7FE6CB7F-F2D5-4F46-A07C-81E43C3A427D}"
EndProject
Global
	GlobalSection(SolutionConfigurationPlatforms) = preSolution
		Debug|Any CPU = Debug|Any CPU
		Release|Any CPU = Release|Any CPU
	EndGlobalSection
	GlobalSection(ProjectConfigurationPlatforms) = postSolution
		{7FE6CB7F-F2D5-4F46-A07C-81E43C3A427D}.Debug|Any CPU.ActiveCfg = Debug|Any CPU
		{7FE6CB7F-F2D5-4F46-A07C-81E43C3A427D}.Debug|Any CPU.Build.0 = Debug|Any CPU
		{7FE6CB7F-F2D5-4F46-A07C-81E43C3A427D}.Release|Any CPU.ActiveCfg = Release|Any CPU
		{7FE6CB7F-F2D5-4F46-A07C-81E43C3A427D}.Release|Any CPU.Build.0 = Release|Any CPU
	EndGlobalSection
	GlobalSection(SolutionProperties) = preSolution
		HideSolutionNode = FALSE
	EndGlobalSection
	GlobalSection(ExtensibilityGlobals) = postSolution
		SolutionGuid = {4AD5DAEB-579F-4620-A307-8F02A55130B9}
	EndGlobalSection
EndGlobal
